{
  "name": "as-template",
  "version": "1.0.0",
  "lockfileVersion": 3,
  "requires": true,
  "packages": {
    "": {
      "name": "as-template",
      "version": "1.0.0",
      "license": "MIT",
      "devDependencies": {
        "@types/node": "^24.12.2",
        "@typescript/native-preview": "^7.0.0-dev.20260428.1",
        "@ye-yu/assemblyscript": "^0.0.0-transform-fs.1",
        "assemblyscript": "^0.0.0-transform-fs.1"
      }
    },
    "node_modules/@types/node": {
      "version": "24.12.2",
      "resolved": "https://registry.npmjs.org/@types/node/-/node-24.12.2.tgz",
      "integrity": "sha512-A1sre26ke7HDIuY/M23nd9gfB+nrmhtYyMINbjI1zHJxYteKR6qSMX56FsmjMcDb3SMcjJg5BiRRgOCC/yBD0g==",
      "dev": true,
      "license": "MIT",
      "dependencies": {
        "undici-types": "~7.16.0"
      }
    },
    "node_modules/@typescript/native-preview": {
      "version": "7.0.0-dev.20260430.1",
      "resolved": "https://registry.npmjs.org/@typescript/native-preview/-/native-preview-7.0.0-dev.20260430.1.tgz",
      "integrity": "sha512-HHk3tPpzPKqHY4AHMxGK6i960Dd1kIvnSnT3mzD1hNO/sUVG2YdWvWBIActGkRnKS94AZBpekOr1bQP7O2OwIg==",
      "dev": true,
      "license": "Apache-2.0",
      "bin": {
        "tsgo": "bin/tsgo.js"
      },
      "engines": {
        "node": ">=16.20.0"
      },
      "optionalDependencies": {
        "@typescript/native-preview-darwin-arm64": "7.0.0-dev.20260430.1",
        "@typescript/native-preview-darwin-x64": "7.0.0-dev.20260430.1",
        "@typescript/native-preview-linux-arm": "7.0.0-dev.20260430.1",
        "@typescript/native-preview-linux-arm64": "7.0.0-dev.20260430.1",
        "@typescript/native-preview-linux-x64": "7.0.0-dev.20260430.1",
        "@typescript/native-preview-win32-arm64": "7.0.0-dev.20260430.1",
        "@typescript/native-preview-win32-x64": "7.0.0-dev.20260430.1"
      }
    },
    "node_modules/@typescript/native-preview-darwin-arm64": {
      "version": "7.0.0-dev.20260430.1",
      "resolved": "https://registry.npmjs.org/@typescript/native-preview-darwin-arm64/-/native-preview-darwin-arm64-7.0.0-dev.20260430.1.tgz",
      "integrity": "sha512-1Rk5JoMlmlF4GzeNxQmpaZSSPFa056DCrGLjhXwVIqRf8+pGNKKxyD2ugGSyOeLShqYb1XUoE9LhsAhdh1xgSA==",
      "cpu": [
        "arm64"
      ],
      "dev": true,
      "license": "Apache-2.0",
      "optional": true,
      "os": [
        "darwin"
      ],
      "engines": {
        "node": ">=16.20.0"
      }
    },
    "node_modules/@typescript/native-preview-darwin-x64": {
      "version": "7.0.0-dev.20260430.1",
      "resolved": "https://registry.npmjs.org/@typescript/native-preview-darwin-x64/-/native-preview-darwin-x64-7.0.0-dev.20260430.1.tgz",
      "integrity": "sha512-wjXJtELfI0QIYxGCqqKMR3DonPUlMP4aWOYRPiN5ylDtdV+OqCC16zvH7C+No7xvlf8dDxlV1ZTyuRCWL6CQmw==",
      "cpu": [
        "x64"
      ],
      "dev": true,
      "license": "Apache-2.0",
      "optional": true,
      "os": [
        "darwin"
      ],
      "engines": {
        "node": ">=16.20.0"
      }
    },
    "node_modules/@typescript/native-preview-linux-arm": {
      "version": "7.0.0-dev.20260430.1",
      "resolved": "https://registry.npmjs.org/@typescript/native-preview-linux-arm/-/native-preview-linux-arm-7.0.0-dev.20260430.1.tgz",
      "integrity": "sha512-3eqYkqy1XpbIJC1XkGbkwAvTtSCw6dSjYzJaw9bvow4fS1totTFZP/2K9ecXQ3gIZaPS4Ome/SpkZHl1cy9eZA==",
      "cpu": [
        "arm"
      ],
      "dev": true,
      "license": "Apache-2.0",
      "optional": true,
      "os": [
        "linux"
      ],
      "engines": {
        "node": ">=16.20.0"
      }
    },
    "node_modules/@typescript/native-preview-linux-arm64": {
      "version": "7.0.0-dev.20260430.1",
      "resolved": "https://registry.npmjs.org/@typescript/native-preview-linux-arm64/-/native-preview-linux-arm64-7.0.0-dev.20260430.1.tgz",
      "integrity": "sha512-PeCFDB1glivpkqqKsQJ1RrM4f5B1yXzXFF+eKwgEZ+evcQ3N+BgeR7BpuRhOpHU9ixJchKjU1bXgcHOAaM+Rkw==",
      "cpu": [
        "arm64"
      ],
      "dev": true,
      "license": "Apache-2.0",
      "optional": true,
      "os": [
        "linux"
      ],
      "engines": {
        "node": ">=16.20.0"
      }
    },
    "node_modules/@typescript/native-preview-linux-x64": {
      "version": "7.0.0-dev.20260430.1",
      "resolved": "https://registry.npmjs.org/@typescript/native-preview-linux-x64/-/native-preview-linux-x64-7.0.0-dev.20260430.1.tgz",
      "integrity": "sha512-Eg7nbRV57ayq0Pjuott/36UbQlVlpz2YRVLM5h8RyXx6SwvgrdYxNv/1zULLB0UlWdyKkK3bXILmR8YmNvbl+g==",
      "cpu": [
        "x64"
      ],
      "dev": true,
      "license": "Apache-2.0",
      "optional": true,
      "os": [
        "linux"
      ],
      "engines": {
        "node": ">=16.20.0"
      }
    },
    "node_modules/@typescript/native-preview-win32-arm64": {
      "version": "7.0.0-dev.20260430.1",
      "resolved": "https://registry.npmjs.org/@typescript/native-preview-win32-arm64/-/native-preview-win32-arm64-7.0.0-dev.20260430.1.tgz",
      "integrity": "sha512-0LAjufJKUZnHmp0bxlndjphDQlIeUXA0czZCrKENtKySeGMXrM9PAFtSx94ldWVXDTZ9ZP1r+FxbIvP9pRORzA==",
      "cpu": [
        "arm64"
      ],
      "dev": true,
      "license": "Apache-2.0",
      "optional": true,
      "os": [
        "win32"
      ],
      "engines": {
        "node": ">=16.20.0"
      }
    },
    "node_modules/@typescript/native-preview-win32-x64": {
      "version": "7.0.0-dev.20260430.1",
      "resolved": "https://registry.npmjs.org/@typescript/native-preview-win32-x64/-/native-preview-win32-x64-7.0.0-dev.20260430.1.tgz",
      "integrity": "sha512-FvLWX7d3b/IhL0656tnjep7dOMnI7CPrg+5oI1MKIY74qgvR+8VRo6aGj0IRCwtAJeklpxBpljEcIGuS5Yc/pQ==",
      "cpu": [
        "x64"
      ],
      "dev": true,
      "license": "Apache-2.0",
      "optional": true,
      "os": [
        "win32"
      ],
      "engines": {
        "node": ">=16.20.0"
      }
    },
    "node_modules/@ye-yu/assemblyscript": {
      "version": "0.0.0-transform-fs.1",
      "resolved": "https://npm.pkg.github.com/download/@ye-yu/assemblyscript/0.0.0-transform-fs.1/cc03d13311bf237922d5c8427a10b1670678a295",
      "integrity": "sha512-vS0XjFPrYeSqKAoaS809hC/hhGXwCoJFiLHQ6AdIFW5XBiHH2NExXwmFPXeO00K5WNZmYmvdv9AC7kAK+duZFg==",
      "dev": true,
      "license": "Apache-2.0",
      "dependencies": {
        "binaryen": "129.0.0-nightly.20260428",
        "long": "^5.2.4"
      },
      "bin": {
        "asc": "bin/asc.js",
        "asinit": "bin/asinit.js"
      },
      "engines": {
        "node": ">=20",
        "npm": ">=10"
      }
    },
    "node_modules/assemblyscript": {
      "version": "0.0.0",
      "resolved": "https://registry.npmjs.org/assemblyscript/-/assemblyscript-0.0.0.tgz",
      "integrity": "sha512-hW9fr2ho0jMUta7Sih0BoatUPVvym8LcBIxiZlr6y3TEHyItDZWMR6G8eSCjty0wBvY9Z6X+FEV7h8xJllQZ5A==",
      "deprecated": "This version of AssemblyScript is outdated. See https://github.com/AssemblyScript/assemblyscript for details.",
      "dev": true,
      "license": "Apache-2.0",
      "dependencies": {
        "typescript": "^2.3.2"
      },
      "bin": {
        "asc": "bin/asc"
      }
    },
    "node_modules/binaryen": {
      "version": "129.0.0-nightly.20260428",
      "resolved": "https://registry.npmjs.org/binaryen/-/binaryen-129.0.0-nightly.20260428.tgz",
      "integrity": "sha512-RpjRVPZw8NOhkGzx3tTaKYdv4C+zO1VVI0VB9GSCNLM81flHOAZUwRJTLDM3Hqco3OmwB8hTLpkkpMSJjUfHXw==",
      "dev": true,
      "license": "Apache-2.0",
      "bin": {
        "wasm-as": "bin/wasm-as",
        "wasm-ctor-eval": "bin/wasm-ctor-eval",
        "wasm-dis": "bin/wasm-dis",
        "wasm-merge": "bin/wasm-merge",
        "wasm-metadce": "bin/wasm-metadce",
        "wasm-opt": "bin/wasm-opt",
        "wasm-reduce": "bin/wasm-reduce",
        "wasm-shell": "bin/wasm-shell",
        "wasm2js": "bin/wasm2js"
      }
    },
    "node_modules/long": {
      "version": "5.3.2",
      "resolved": "https://registry.npmjs.org/long/-/long-5.3.2.tgz",
      "integrity": "sha512-mNAgZ1GmyNhD7AuqnTG3/VQ26o760+ZYBPKjPvugO8+nLbYfX6TVpJPseBvopbdY+qpZ/lKUnmEc1LeZYS3QAA==",
      "dev": true,
      "license": "Apache-2.0"
    },
    "node_modules/typescript": {
      "version": "2.9.2",
      "resolved": "https://registry.npmjs.org/typescript/-/typescript-2.9.2.tgz",
      "integrity": "sha512-Gr4p6nFNaoufRIY4NMdpQRNmgxVIGMs4Fcu/ujdYk3nAZqk7supzBE9idmvfZIlH/Cuj//dvi+019qEue9lV0w==",
      "dev": true,
      "license": "Apache-2.0",
      "bin": {
        "tsc": "bin/tsc",
        "tsserver": "bin/tsserver"
      },
      "engines": {
        "node": ">=4.2.0"
      }
    },
    "node_modules/undici-types": {
      "version": "7.16.0",
      "resolved": "https://registry.npmjs.org/undici-types/-/undici-types-7.16.0.tgz",
      "integrity": "sha512-Zz+aZWSj8LE6zoxD+xrjh4VfkIG8Ya6LvYkZqtUQGJPZjYl53ypCaUwWqo7eI0x66KBGeRo+mlBEkMSeSZ38Nw==",
      "dev": true,
      "license": "MIT"
    }
  }
}
